
Microsoft Visual Studio Solution File, Format Version 12.00
# Visual Studio 15
VisualStudioVersion = 15.0.27703.2042
MinimumVisualStudioVersion = 10.0.40219.1
Project("{FAE04EC0-301F-11D3-BF4B-00C04F79EFBC}") = "aula01.Android", "aula01\aula01.Android\aula01.Android.csproj", "{2FA4B199-48D9-4D68-A19E-DFF8D4D3FF6A}"
EndProject
Project("{FAE04EC0-301F-11D3-BF4B-00C04F79EFBC}") = "aula01.iOS", "aula01\aula01.iOS\aula01.iOS.csproj", "{2A6DC38E-ECC0-489B-A2BE-20BE3B75C355}"
EndProject
Project("{FAE04EC0-301F-11D3-BF4B-00C04F79EFBC}") = "aula01.UWP", "aula01\aula01.UWP\aula01.UWP.csproj", "{11113CC4-D95D-47B0-89FF-EB0DDEAC63CE}"
EndProject
Project("{D954291E-2A0B-460D-934E-DC6B0785DB48}") = "aula01", "aula01\aula01\aula01.shproj", "{15908BEB-4BA7-4137-8AD2-3B65BB49897C}"
EndProject
Global
	GlobalSection(SharedMSBuildProjectFiles) = preSolution
		aula01\aula01\aula01.projitems*{11113cc4-d95d-47b0-89ff-eb0ddeac63ce}*SharedItemsImports = 4
		aula01\aula01\aula01.projitems*{15908beb-4ba7-4137-8ad2-3b65bb49897c}*SharedItemsImports = 13
		aula01\aula01\aula01.projitems*{2a6dc38e-ecc0-489b-a2be-20be3b75c355}*SharedItemsImports = 4
		aula01\aula01\aula01.projitems*{2fa4b199-48d9-4d68-a19e-dff8d4d3ff6a}*SharedItemsImports = 4
	EndGlobalSection
	GlobalSection(SolutionConfigurationPlatforms) = preSolution
		Ad-Hoc|Any CPU = Ad-Hoc|Any CPU
		Ad-Hoc|ARM = Ad-Hoc|ARM
		Ad-Hoc|iPhone = Ad-Hoc|iPhone
		Ad-Hoc|iPhoneSimulator = Ad-Hoc|iPhoneSimulator
		Ad-Hoc|x64 = Ad-Hoc|x64
		Ad-Hoc|x86 = Ad-Hoc|x86
		AppStore|Any CPU = AppStore|Any CPU
		AppStore|ARM = AppStore|ARM
		AppStore|iPhone = AppStore|iPhone
		AppStore|iPhoneSimulator = AppStore|iPhoneSimulator
		AppStore|x64 = AppStore|x64
		AppStore|x86 = AppStore|x86
		Debug|Any CPU = Debug|Any CPU
		Debug|ARM = Debug|ARM
		Debug|iPhone = Debug|iPhone
		Debug|iPhoneSimulator = Debug|iPhoneSimulator
		Debug|x64 = Debug|x64
		Debug|x86 = Debug|x86
		Release|Any CPU = Release|Any CPU
		Release|ARM = Release|ARM
		Release|iPhone = Release|iPhone
		Release|iPhoneSimulator = Release|iPhoneSimulator
		Release|x64 = Release|x64
		Release|x86 = Release|x86
	EndGlobalSection
	GlobalSection(ProjectConfigurationPlatforms) = postSolution
		{2FA4B199-48D9-4D68-A19E-DFF8D4D3FF6A}.Ad-Hoc|Any CPU.ActiveCfg = Release|Any CPU
		{2FA4B199-48D9-4D68-A19E-DFF8D4D3FF6A}.Ad-Hoc|Any CPU.Build.0 = Release|Any CPU
		{2FA4B199-48D9-4D68-A19E-DFF8D4D3FF6A}.Ad-Hoc|Any CPU.Deploy.0 = Release|Any CPU
		{2FA4B199-48D9-4D68-A19E-DFF8D4D3FF6A}.Ad-Hoc|ARM.ActiveCfg = Release|Any CPU
		{2FA4B199-48D9-4D68-A19E-DFF8D4D3FF6A}.Ad-Hoc|ARM.Build.0 = Release|Any CPU
		{2FA4B199-48D9-4D68-A19E-DFF8D4D3FF6A}.Ad-Hoc|ARM.Deploy.0 = Release|Any CPU
		{2FA4B199-48D9-4D68-A19E-DFF8D4D3FF6A}.Ad-Hoc|iPhone.ActiveCfg = Release|Any CPU
		{2FA4B199-48D9-4D68-A19E-DFF8D4D3FF6A}.Ad-Hoc|iPhone.Build.0 = Release|Any CPU
		{2FA4B199-48D9-4D68-A19E-DFF8D4D3FF6A}.Ad-Hoc|iPhone.Deploy.0 = Release|Any CPU
		{2FA4B199-48D9-4D68-A19E-DFF8D4D3FF6A}.Ad-Hoc|iPhoneSimulator.ActiveCfg = Release|Any CPU
		{2FA4B199-48D9-4D68-A19E-DFF8D4D3FF6A}.Ad-Hoc|iPhoneSimulator.Build.0 = Release|Any CPU
		{2FA4B199-48D9-4D68-A19E-DFF8D4D3FF6A}.Ad-Hoc|iPhoneSimulator.Deploy.0 = Release|Any CPU
		{2FA4B199-48D9-4D68-A19E-DFF8D4D3FF6A}.Ad-Hoc|x64.ActiveCfg = Release|Any CPU
		{2FA4B199-48D9-4D68-A19E-DFF8D4D3FF6A}.Ad-Hoc|x64.Build.0 = Release|Any CPU
		{2FA4B199-48D9-4D68-A19E-DFF8D4D3FF6A}.Ad-Hoc|x64.Deploy.0 = Release|Any CPU
		{2FA4B199-48D9-4D68-A19E-DFF8D4D3FF6A}.Ad-Hoc|x86.ActiveCfg = Release|Any CPU
		{2FA4B199-48D9-4D68-A19E-DFF8D4D3FF6A}.Ad-Hoc|x86.Build.0 = Release|Any CPU
		{2FA4B199-48D9-4D68-A19E-DFF8D4D3FF6A}.Ad-Hoc|x86.Deploy.0 = Release|Any CPU
		{2FA4B199-48D9-4D68-A19E-DFF8D4D3FF6A}.AppStore|Any CPU.ActiveCfg = Release|Any CPU
		{2FA4B199-48D9-4D68-A19E-DFF8D4D3FF6A}.AppStore|Any CPU.Build.0 = Release|Any CPU
		{2FA4B199-48D9-4D68-A19E-DFF8D4D3FF6A}.AppStore|Any CPU.Deploy.0 = Release|Any CPU
		{2FA4B199-48D9-4D68-A19E-DFF8D4D3FF6A}.AppStore|ARM.ActiveCfg = Release|Any CPU
		{2FA4B199-48D9-4D68-A19E-DFF8D4D3FF6A}.AppStore|ARM.Build.0 = Release|Any CPU
		{2FA4B199-48D9-4D68-A19E-DFF8D4D3FF6A}.AppStore|ARM.Deploy.0 = Release|Any CPU
		{2FA4B199-48D9-4D68-A19E-DFF8D4D3FF6A}.AppStore|iPhone.ActiveCfg = Release|Any CPU
		{2FA4B199-48D9-4D68-A19E-DFF8D4D3FF6A}.AppStore|iPhone.Build.0 = Release|Any CPU
		{2FA4B199-48D9-4D68-A19E-DFF8D4D3FF6A}.AppStore|iPhone.Deploy.0 = Release|Any CPU
		{2FA4B199-48D9-4D68-A19E-DFF8D4D3FF6A}.AppStore|iPhoneSimulator.ActiveCfg = Release|Any CPU
		{2FA4B199-48D9-4D68-A19E-DFF8D4D3FF6A}.AppStore|iPhoneSimulator.Build.0 = Release|Any CPU
		{2FA4B199-48D9-4D68-A19E-DFF8D4D3FF6A}.AppStore|iPhoneSimulator.Deploy.0 = Release|Any CPU
		{2FA4B199-48D9-4D68-A19E-DFF8D4D3FF6A}.AppStore|x64.ActiveCfg = Release|Any CPU
		{2FA4B199-48D9-4D68-A19E-DFF8D4D3FF6A}.AppStore|x64.Build.0 = Release|Any CPU
		{2FA4B199-48D9-4D68-A19E-DFF8D4D3FF6A}.AppStore|x64.Deploy.0 = Release|Any CPU
		{2FA4B199-48D9-4D68-A19E-DFF8D4D3FF6A}.AppStore|x86.ActiveCfg = Release|Any CPU
		{2FA4B199-48D9-4D68-A19E-DFF8D4D3FF6A}.AppStore|x86.Build.0 = Release|Any CPU
		{2FA4B199-48D9-4D68-A19E-DFF8D4D3FF6A}.AppStore|x86.Deploy.0 = Release|Any CPU
		{2FA4B199-48D9-4D68-A19E-DFF8D4D3FF6A}.Debug|Any CPU.ActiveCfg = Debug|Any CPU
		{2FA4B199-48D9-4D68-A19E-DFF8D4D3FF6A}.Debug|Any CPU.Build.0 = Debug|Any CPU
		{2FA4B199-48D9-4D68-A19E-DFF8D4D3FF6A}.Debug|Any CPU.Deploy.0 = Debug|Any CPU
		{2FA4B199-48D9-4D68-A19E-DFF8D4D3FF6A}.Debug|ARM.ActiveCfg = Debug|Any CPU
		{2FA4B199-48D9-4D68-A19E-DFF8D4D3FF6A}.Debug|ARM.Build.0 = Debug|Any CPU
		{2FA4B199-48D9-4D68-A19E-DFF8D4D3FF6A}.Debug|ARM.Deploy.0 = Debug|Any CPU
		{2FA4B199-48D9-4D68-A19E-DFF8D4D3FF6A}.Debug|iPhone.ActiveCfg = Debug|Any CPU
		{2FA4B199-48D9-4D68-A19E-DFF8D4D3FF6A}.Debug|iPhone.Build.0 = Debug|Any CPU
		{2FA4B199-48D9-4D68-A19E-DFF8D4D3FF6A}.Debug|iPhone.Deploy.0 = Debug|Any CPU
		{2FA4B199-48D9-4D68-A19E-DFF8D4D3FF6A}.Debug|iPhoneSimulator.ActiveCfg = Debug|Any CPU
		{2FA4B199-48D9-4D68-A19E-DFF8D4D3FF6A}.Debug|iPhoneSimulator.Build.0 = Debug|Any CPU
		{2FA4B199-48D9-4D68-A19E-DFF8D4D3FF6A}.Debug|iPhoneSimulator.Deploy.0 = Debug|Any CPU
		{2FA4B199-48D9-4D68-A19E-DFF8D4D3FF6A}.Debug|x64.ActiveCfg = Debug|Any CPU
		{2FA4B199-48D9-4D68-A19E-DFF8D4D3FF6A}.Debug|x64.Build.0 = Debug|Any CPU
		{2FA4B199-48D9-4D68-A19E-DFF8D4D3FF6A}.Debug|x64.Deploy.0 = Debug|Any CPU
		{2FA4B199-48D9-4D68-A19E-DFF8D4D3FF6A}.Debug|x86.ActiveCfg = Debug|Any CPU
		{2FA4B199-48D9-4D68-A19E-DFF8D4D3FF6A}.Debug|x86.Build.0 = Debug|Any CPU
		{2FA4B199-48D9-4D68-A19E-DFF8D4D3FF6A}.Debug|x86.Deploy.0 = Debug|Any CPU
		{2FA4B199-48D9-4D68-A19E-DFF8D4D3FF6A}.Release|Any CPU.ActiveCfg = Release|Any CPU
		{2FA4B199-48D9-4D68-A19E-DFF8D4D3FF6A}.Release|Any CPU.Build.0 = Release|Any CPU
		{2FA4B199-48D9-4D68-A19E-DFF8D4D3FF6A}.Release|Any CPU.Deploy.0 = Release|Any CPU
		{2FA4B199-48D9-4D68-A19E-DFF8D4D3FF6A}.Release|ARM.ActiveCfg = Release|Any CPU
		{2FA4B199-48D9-4D68-A19E-DFF8D4D3FF6A}.Release|ARM.Build.0 = Release|Any CPU
		{2FA4B199-48D9-4D68-A19E-DFF8D4D3FF6A}.Release|ARM.Deploy.0 = Release|Any CPU
		{2FA4B199-48D9-4D68-A19E-DFF8D4D3FF6A}.Release|iPhone.ActiveCfg = Release|Any CPU
		{2FA4B199-48D9-4D68-A19E-DFF8D4D3FF6A}.Release|iPhone.Build.0 = Release|Any CPU
		{2FA4B199-48D9-4D68-A19E-DFF8D4D3FF6A}.Release|iPhone.Deploy.0 = Release|Any CPU
		{2FA4B199-48D9-4D68-A19E-DFF8D4D3FF6A}.Release|iPhoneSimulator.ActiveCfg = Release|Any CPU
		{2FA4B199-48D9-4D68-A19E-DFF8D4D3FF6A}.Release|iPhoneSimulator.Build.0 = Release|Any CPU
		{2FA4B199-48D9-4D68-A19E-DFF8D4D3FF6A}.Release|iPhoneSimulator.Deploy.0 = Release|Any CPU
		{2FA4B199-48D9-4D68-A19E-DFF8D4D3FF6A}.Release|x64.ActiveCfg = Release|Any CPU
		{2FA4B199-48D9-4D68-A19E-DFF8D4D3FF6A}.Release|x64.Build.0 = Release|Any CPU
		{2FA4B199-48D9-4D68-A19E-DFF8D4D3FF6A}.Release|x64.Deploy.0 = Release|Any CPU
		{2FA4B199-48D9-4D68-A19E-DFF8D4D3FF6A}.Release|x86.ActiveCfg = Release|Any CPU
		{2FA4B199-48D9-4D68-A19E-DFF8D4D3FF6A}.Release|x86.Build.0 = Release|Any CPU
		{2FA4B199-48D9-4D68-A19E-DFF8D4D3FF6A}.Release|x86.Deploy.0 = Release|Any CPU
		{2A6DC38E-ECC0-489B-A2BE-20BE3B75C355}.Ad-Hoc|Any CPU.ActiveCfg = Ad-Hoc|iPhone
		{2A6DC38E-ECC0-489B-A2BE-20BE3B75C355}.Ad-Hoc|Any CPU.Build.0 = Ad-Hoc|iPhone
		{2A6DC38E-ECC0-489B-A2BE-20BE3B75C355}.Ad-Hoc|Any CPU.Deploy.0 = Ad-Hoc|iPhone
		{2A6DC38E-ECC0-489B-A2BE-20BE3B75C355}.Ad-Hoc|ARM.ActiveCfg = Ad-Hoc|iPhone
		{2A6DC38E-ECC0-489B-A2BE-20BE3B75C355}.Ad-Hoc|ARM.Build.0 = Ad-Hoc|iPhone
		{2A6DC38E-ECC0-489B-A2BE-20BE3B75C355}.Ad-Hoc|ARM.Deploy.0 = Ad-Hoc|iPhone
		{2A6DC38E-ECC0-489B-A2BE-20BE3B75C355}.Ad-Hoc|iPhone.ActiveCfg = Ad-Hoc|iPhone
		{2A6DC38E-ECC0-489B-A2BE-20BE3B75C355}.Ad-Hoc|iPhone.Build.0 = Ad-Hoc|iPhone
		{2A6DC38E-ECC0-489B-A2BE-20BE3B75C355}.Ad-Hoc|iPhone.Deploy.0 = Ad-Hoc|iPhone
		{2A6DC38E-ECC0-489B-A2BE-20BE3B75C355}.Ad-Hoc|iPhoneSimulator.ActiveCfg = Ad-Hoc|iPhoneSimulator
		{2A6DC38E-ECC0-489B-A2BE-20BE3B75C355}.Ad-Hoc|iPhoneSimulator.Build.0 = Ad-Hoc|iPhoneSimulator
		{2A6DC38E-ECC0-489B-A2BE-20BE3B75C355}.Ad-Hoc|iPhoneSimulator.Deploy.0 = Ad-Hoc|iPhoneSimulator
		{2A6DC38E-ECC0-489B-A2BE-20BE3B75C355}.Ad-Hoc|x64.ActiveCfg = Ad-Hoc|iPhone
		{2A6DC38E-ECC0-489B-A2BE-20BE3B75C355}.Ad-Hoc|x64.Build.0 = Ad-Hoc|iPhone
		{2A6DC38E-ECC0-489B-A2BE-20BE3B75C355}.Ad-Hoc|x64.Deploy.0 = Ad-Hoc|iPhone
		{2A6DC38E-ECC0-489B-A2BE-20BE3B75C355}.Ad-Hoc|x86.ActiveCfg = Ad-Hoc|iPhone
		{2A6DC38E-ECC0-489B-A2BE-20BE3B75C355}.Ad-Hoc|x86.Build.0 = Ad-Hoc|iPhone
		{2A6DC38E-ECC0-489B-A2BE-20BE3B75C355}.Ad-Hoc|x86.Deploy.0 = Ad-Hoc|iPhone
		{2A6DC38E-ECC0-489B-A2BE-20BE3B75C355}.AppStore|Any CPU.ActiveCfg = AppStore|iPhone
		{2A6DC38E-ECC0-489B-A2BE-20BE3B75C355}.AppStore|Any CPU.Build.0 = AppStore|iPhone
		{2A6DC38E-ECC0-489B-A2BE-20BE3B75C355}.AppStore|Any CPU.Deploy.0 = AppStore|iPhone
		{2A6DC38E-ECC0-489B-A2BE-20BE3B75C355}.AppStore|ARM.ActiveCfg = AppStore|iPhone
		{2A6DC38E-ECC0-489B-A2BE-20BE3B75C355}.AppStore|ARM.Build.0 = AppStore|iPhone
		{2A6DC38E-ECC0-489B-A2BE-20BE3B75C355}.AppStore|ARM.Deploy.0 = AppStore|iPhone
		{2A6DC38E-ECC0-489B-A2BE-20BE3B75C355}.AppStore|iPhone.ActiveCfg = AppStore|iPhone
		{2A6DC38E-ECC0-489B-A2BE-20BE3B75C355}.AppStore|iPhone.Build.0 = AppStore|iPhone
		{2A6DC38E-ECC0-489B-A2BE-20BE3B75C355}.AppStore|iPhone.Deploy.0 = AppStore|iPhone
		{2A6DC38E-ECC0-489B-A2BE-20BE3B75C355}.AppStore|iPhoneSimulator.ActiveCfg = AppStore|iPhoneSimulator
		{2A6DC38E-ECC0-489B-A2BE-20BE3B75C355}.AppStore|iPhoneSimulator.Build.0 = AppStore|iPhoneSimulator
		{2A6DC38E-ECC0-489B-A2BE-20BE3B75C355}.AppStore|iPhoneSimulator.Deploy.0 = AppStore|iPhoneSimulator
		{2A6DC38E-ECC0-489B-A2BE-20BE3B75C355}.AppStore|x64.ActiveCfg = AppStore|iPhone
		{2A6DC38E-ECC0-489B-A2BE-20BE3B75C355}.AppStore|x64.Build.0 = AppStore|iPhone
		{2A6DC38E-ECC0-489B-A2BE-20BE3B75C355}.AppStore|x64.Deploy.0 = AppStore|iPhone
		{2A6DC38E-ECC0-489B-A2BE-20BE3B75C355}.AppStore|x86.ActiveCfg = AppStore|iPhone
		{2A6DC38E-ECC0-489B-A2BE-20BE3B75C355}.AppStore|x86.Build.0 = AppStore|iPhone
		{2A6DC38E-ECC0-489B-A2BE-20BE3B75C355}.AppStore|x86.Deploy.0 = AppStore|iPhone
		{2A6DC38E-ECC0-489B-A2BE-20BE3B75C355}.Debug|Any CPU.ActiveCfg = Debug|iPhoneSimulator
		{2A6DC38E-ECC0-489B-A2BE-20BE3B75C355}.Debug|Any CPU.Build.0 = Debug|iPhoneSimulator
		{2A6DC38E-ECC0-489B-A2BE-20BE3B75C355}.Debug|Any CPU.Deploy.0 = Debug|iPhoneSimulator
		{2A6DC38E-ECC0-489B-A2BE-20BE3B75C355}.Debug|ARM.ActiveCfg = Debug|iPhone
		{2A6DC38E-ECC0-489B-A2BE-20BE3B75C355}.Debug|ARM.Build.0 = Debug|iPhone
		{2A6DC38E-ECC0-489B-A2BE-20BE3B75C355}.Debug|ARM.Deploy.0 = Debug|iPhone
		{2A6DC38E-ECC0-489B-A2BE-20BE3B75C355}.Debug|iPhone.ActiveCfg = Debug|iPhone
		{2A6DC38E-ECC0-489B-A2BE-20BE3B75C355}.Debug|iPhone.Build.0 = Debug|iPhone
		{2A6DC38E-ECC0-489B-A2BE-20BE3B75C355}.Debug|iPhone.Deploy.0 = Debug|iPhone
		{2A6DC38E-ECC0-489B-A2BE-20BE3B75C355}.Debug|iPhoneSimulator.ActiveCfg = Debug|iPhoneSimulator
		{2A6DC38E-ECC0-489B-A2BE-20BE3B75C355}.Debug|iPhoneSimulator.Build.0 = Debug|iPhoneSimulator
		{2A6DC38E-ECC0-489B-A2BE-20BE3B75C355}.Debug|iPhoneSimulator.Deploy.0 = Debug|iPhoneSimulator
		{2A6DC38E-ECC0-489B-A2BE-20BE3B75C355}.Debug|x64.ActiveCfg = Debug|iPhone
		{2A6DC38E-ECC0-489B-A2BE-20BE3B75C355}.Debug|x64.Build.0 = Debug|iPhone
		{2A6DC38E-ECC0-489B-A2BE-20BE3B75C355}.Debug|x64.Deploy.0 = Debug|iPhone
		{2A6DC38E-ECC0-489B-A2BE-20BE3B75C355}.Debug|x86.ActiveCfg = Debug|iPhone
		{2A6DC38E-ECC0-489B-A2BE-20BE3B75C355}.Debug|x86.Build.0 = Debug|iPhone
		{2A6DC38E-ECC0-489B-A2BE-20BE3B75C355}.Debug|x86.Deploy.0 = Debug|iPhone
		{2A6DC38E-ECC0-489B-A2BE-20BE3B75C355}.Release|Any CPU.ActiveCfg = Release|iPhone
		{2A6DC38E-ECC0-489B-A2BE-20BE3B75C355}.Release|Any CPU.Build.0 = Release|iPhone
		{2A6DC38E-ECC0-489B-A2BE-20BE3B75C355}.Release|Any CPU.Deploy.0 = Release|iPhone
		{2A6DC38E-ECC0-489B-A2BE-20BE3B75C355}.Release|ARM.ActiveCfg = Release|iPhone
		{2A6DC38E-ECC0-489B-A2BE-20BE3B75C355}.Release|ARM.Build.0 = Release|iPhone
		{2A6DC38E-ECC0-489B-A2BE-20BE3B75C355}.Release|ARM.Deploy.0 = Release|iPhone
		{2A6DC38E-ECC0-489B-A2BE-20BE3B75C355}.Release|iPhone.ActiveCfg = Release|iPhone
		{2A6DC38E-ECC0-489B-A2BE-20BE3B75C355}.Release|iPhone.Build.0 = Release|iPhone
		{2A6DC38E-ECC0-489B-A2BE-20BE3B75C355}.Release|iPhone.Deploy.0 = Release|iPhone
		{2A6DC38E-ECC0-489B-A2BE-20BE3B75C355}.Release|iPhoneSimulator.ActiveCfg = Release|iPhoneSimulator
		{2A6DC38E-ECC0-489B-A2BE-20BE3B75C355}.Release|iPhoneSimulator.Build.0 = Release|iPhoneSimulator
		{2A6DC38E-ECC0-489B-A2BE-20BE3B75C355}.Release|iPhoneSimulator.Deploy.0 = Release|iPhoneSimulator
		{2A6DC38E-ECC0-489B-A2BE-20BE3B75C355}.Release|x64.ActiveCfg = Release|iPhone
		{2A6DC38E-ECC0-489B-A2BE-20BE3B75C355}.Release|x64.Build.0 = Release|iPhone
		{2A6DC38E-ECC0-489B-A2BE-20BE3B75C355}.Release|x64.Deploy.0 = Release|iPhone
		{2A6DC38E-ECC0-489B-A2BE-20BE3B75C355}.Release|x86.ActiveCfg = Release|iPhone
		{2A6DC38E-ECC0-489B-A2BE-20BE3B75C355}.Release|x86.Build.0 = Release|iPhone
		{2A6DC38E-ECC0-489B-A2BE-20BE3B75C355}.Release|x86.Deploy.0 = Release|iPhone
		{11113CC4-D95D-47B0-89FF-EB0DDEAC63CE}.Ad-Hoc|Any CPU.ActiveCfg = Release|x86
		{11113CC4-D95D-47B0-89FF-EB0DDEAC63CE}.Ad-Hoc|Any CPU.Build.0 = Release|x86
		{11113CC4-D95D-47B0-89FF-EB0DDEAC63CE}.Ad-Hoc|Any CPU.Deploy.0 = Release|x86
		{11113CC4-D95D-47B0-89FF-EB0DDEAC63CE}.Ad-Hoc|ARM.ActiveCfg = Release|ARM
		{11113CC4-D95D-47B0-89FF-EB0DDEAC63CE}.Ad-Hoc|ARM.Build.0 = Release|ARM
		{11113CC4-D95D-47B0-89FF-EB0DDEAC63CE}.Ad-Hoc|ARM.Deploy.0 = Release|ARM
		{11113CC4-D95D-47B0-89FF-EB0DDEAC63CE}.Ad-Hoc|iPhone.ActiveCfg = Release|x86
		{11113CC4-D95D-47B0-89FF-EB0DDEAC63CE}.Ad-Hoc|iPhone.Build.0 = Release|x86
		{11113CC4-D95D-47B0-89FF-EB0DDEAC63CE}.Ad-Hoc|iPhone.Deploy.0 = Release|x86
		{11113CC4-D95D-47B0-89FF-EB0DDEAC63CE}.Ad-Hoc|iPhoneSimulator.ActiveCfg = Release|x86
		{11113CC4-D95D-47B0-89FF-EB0DDEAC63CE}.Ad-Hoc|iPhoneSimulator.Build.0 = Release|x86
		{11113CC4-D95D-47B0-89FF-EB0DDEAC63CE}.Ad-Hoc|iPhoneSimulator.Deploy.0 = Release|x86
		{11113CC4-D95D-47B0-89FF-EB0DDEAC63CE}.Ad-Hoc|x64.ActiveCfg = Release|x64
		{11113CC4-D95D-47B0-89FF-EB0DDEAC63CE}.Ad-Hoc|x64.Build.0 = Release|x64
		{11113CC4-D95D-47B0-89FF-EB0DDEAC63CE}.Ad-Hoc|x64.Deploy.0 = Release|x64
		{11113CC4-D95D-47B0-89FF-EB0DDEAC63CE}.Ad-Hoc|x86.ActiveCfg = Release|x86
		{11113CC4-D95D-47B0-89FF-EB0DDEAC63CE}.Ad-Hoc|x86.Build.0 = Release|x86
		{11113CC4-D95D-47B0-89FF-EB0DDEAC63CE}.Ad-Hoc|x86.Deploy.0 = Release|x86
		{11113CC4-D95D-47B0-89FF-EB0DDEAC63CE}.AppStore|Any CPU.ActiveCfg = Release|x86
		{11113CC4-D95D-47B0-89FF-EB0DDEAC63CE}.AppStore|Any CPU.Build.0 = Release|x86
		{11113CC4-D95D-47B0-89FF-EB0DDEAC63CE}.AppStore|Any CPU.Deploy.0 = Release|x86
		{11113CC4-D95D-47B0-89FF-EB0DDEAC63CE}.AppStore|ARM.ActiveCfg = Release|ARM
		{11113CC4-D95D-47B0-89FF-EB0DDEAC63CE}.AppStore|ARM.Build.0 = Release|ARM
		{11113CC4-D95D-47B0-89FF-EB0DDEAC63CE}.AppStore|ARM.Deploy.0 = Release|ARM
		{11113CC4-D95D-47B0-89FF-EB0DDEAC63CE}.AppStore|iPhone.ActiveCfg = Release|x86
		{11113CC4-D95D-47B0-89FF-EB0DDEAC63CE}.AppStore|iPhone.Build.0 = Release|x86
		{11113CC4-D95D-47B0-89FF-EB0DDEAC63CE}.AppStore|iPhone.Deploy.0 = Release|x86
		{11113CC4-D95D-47B0-89FF-EB0DDEAC63CE}.AppStore|iPhoneSimulator.ActiveCfg = Release|x86
		{11113CC4-D95D-47B0-89FF-EB0DDEAC63CE}.AppStore|iPhoneSimulator.Build.0 = Release|x86
		{11113CC4-D95D-47B0-89FF-EB0DDEAC63CE}.AppStore|iPhoneSimulator.Deploy.0 = Release|x86
		{11113CC4-D95D-47B0-89FF-EB0DDEAC63CE}.AppStore|x64.ActiveCfg = Release|x64
		{11113CC4-D95D-47B0-89FF-EB0DDEAC63CE}.AppStore|x64.Build.0 = Release|x64
		{11113CC4-D95D-47B0-89FF-EB0DDEAC63CE}.AppStore|x64.Deploy.0 = Release|x64
		{11113CC4-D95D-47B0-89FF-EB0DDEAC63CE}.AppStore|x86.ActiveCfg = Release|x86
		{11113CC4-D95D-47B0-89FF-EB0DDEAC63CE}.AppStore|x86.Build.0 = Release|x86
		{11113CC4-D95D-47B0-89FF-EB0DDEAC63CE}.AppStore|x86.Deploy.0 = Release|x86
		{11113CC4-D95D-47B0-89FF-EB0DDEAC63CE}.Debug|Any CPU.ActiveCfg = Debug|x86
		{11113CC4-D95D-47B0-89FF-EB0DDEAC63CE}.Debug|Any CPU.Build.0 = Debug|x86
		{11113CC4-D95D-47B0-89FF-EB0DDEAC63CE}.Debug|Any CPU.Deploy.0 = Debug|x86
		{11113CC4-D95D-47B0-89FF-EB0DDEAC63CE}.Debug|ARM.ActiveCfg = Debug|ARM
		{11113CC4-D95D-47B0-89FF-EB0DDEAC63CE}.Debug|ARM.Build.0 = Debug|ARM
		{11113CC4-D95D-47B0-89FF-EB0DDEAC63CE}.Debug|ARM.Deploy.0 = Debug|ARM
		{11113CC4-D95D-47B0-89FF-EB0DDEAC63CE}.Debug|iPhone.ActiveCfg = Debug|x86
		{11113CC4-D95D-47B0-89FF-EB0DDEAC63CE}.Debug|iPhone.Build.0 = Debug|x86
		{11113CC4-D95D-47B0-89FF-EB0DDEAC63CE}.Debug|iPhone.Deploy.0 = Debug|x86
		{11113CC4-D95D-47B0-89FF-EB0DDEAC63CE}.Debug|iPhoneSimulator.ActiveCfg = Debug|x86
		{11113CC4-D95D-47B0-89FF-EB0DDEAC63CE}.Debug|iPhoneSimulator.Build.0 = Debug|x86
		{11113CC4-D95D-47B0-89FF-EB0DDEAC63CE}.Debug|iPhoneSimulator.Deploy.0 = Debug|x86
		{11113CC4-D95D-47B0-89FF-EB0DDEAC63CE}.Debug|x64.ActiveCfg = Debug|x64
		{11113CC4-D95D-47B0-89FF-EB0DDEAC63CE}.Debug|x64.Build.0 = Debug|x64
		{11113CC4-D95D-47B0-89FF-EB0DDEAC63CE}.Debug|x64.Deploy.0 = Debug|x64
		{11113CC4-D95D-47B0-89FF-EB0DDEAC63CE}.Debug|x86.ActiveCfg = Debug|x86
		{11113CC4-D95D-47B0-89FF-EB0DDEAC63CE}.Debug|x86.Build.0 = Debug|x86
		{11113CC4-D95D-47B0-89FF-EB0DDEAC63CE}.Debug|x86.Deploy.0 = Debug|x86
		{11113CC4-D95D-47B0-89FF-EB0DDEAC63CE}.Release|Any CPU.ActiveCfg = Release|x86
		{11113CC4-D95D-47B0-89FF-EB0DDEAC63CE}.Release|Any CPU.Build.0 = Release|x86
		{11113CC4-D95D-47B0-89FF-EB0DDEAC63CE}.Release|Any CPU.Deploy.0 = Release|x86
		{11113CC4-D95D-47B0-89FF-EB0DDEAC63CE}.Release|ARM.ActiveCfg = Release|ARM
		{11113CC4-D95D-47B0-89FF-EB0DDEAC63CE}.Release|ARM.Build.0 = Release|ARM
		{11113CC4-D95D-47B0-89FF-EB0DDEAC63CE}.Release|ARM.Deploy.0 = Release|ARM
		{11113CC4-D95D-47B0-89FF-EB0DDEAC63CE}.Release|iPhone.ActiveCfg = Release|x86
		{11113CC4-D95D-47B0-89FF-EB0DDEAC63CE}.Release|iPhone.Build.0 = Release|x86
		{11113CC4-D95D-47B0-89FF-EB0DDEAC63CE}.Release|iPhone.Deploy.0 = Release|x86
		{11113CC4-D95D-47B0-89FF-EB0DDEAC63CE}.Release|iPhoneSimulator.ActiveCfg = Release|x86
		{11113CC4-D95D-47B0-89FF-EB0DDEAC63CE}.Release|iPhoneSimulator.Build.0 = Release|x86
		{11113CC4-D95D-47B0-89FF-EB0DDEAC63CE}.Release|iPhoneSimulator.Deploy.0 = Release|x86
		{11113CC4-D95D-47B0-89FF-EB0DDEAC63CE}.Release|x64.ActiveCfg = Release|x64
		{11113CC4-D95D-47B0-89FF-EB0DDEAC63CE}.Release|x64.Build.0 = Release|x64
		{11113CC4-D95D-47B0-89FF-EB0DDEAC63CE}.Release|x64.Deploy.0 = Release|x64
		{11113CC4-D95D-47B0-89FF-EB0DDEAC63CE}.Release|x86.ActiveCfg = Release|x86
		{11113CC4-D95D-47B0-89FF-EB0DDEAC63CE}.Release|x86.Build.0 = Release|x86
		{11113CC4-D95D-47B0-89FF-EB0DDEAC63CE}.Release|x86.Deploy.0 = Release|x86
	EndGlobalSection
	GlobalSection(SolutionProperties) = preSolution
		HideSolutionNode = FALSE
	EndGlobalSection
	GlobalSection(ExtensibilityGlobals) = postSolution
		SolutionGuid = {55A04D10-E2C6-42AF-B340-2CA5AE5F7268}
	EndGlobalSection
EndGlobal
